// !$*UTF8*$!
{
	archiveVersion = 1;
	classes = {
	};
	objectVersion = 50;
	objects = {

/* Begin PBXBuildFile section */
		E87FC7112509916E00FC53AC /* AppDelegate.swift in Sources */ = {isa = PBXBuildFile; fileRef = E87FC7102509916E00FC53AC /* AppDelegate.swift */; };
		E87FC7132509916E00FC53AC /* SceneDelegate.swift in Sources */ = {isa = PBXBuildFile; fileRef = E87FC7122509916E00FC53AC /* SceneDelegate.swift */; };
		E87FC7162509916E00FC53AC /* _048.xcdatamodeld in Sources */ = {isa = PBXBuildFile; fileRef = E87FC7142509916E00FC53AC /* _048.xcdatamodeld */; };
		E87FC7182509916E00FC53AC /* ContentView.swift in Sources */ = {isa = PBXBuildFile; fileRef = E87FC7172509916E00FC53AC /* ContentView.swift */; };
		E87FC71A2509917A00FC53AC /* Assets.xcassets in Resources */ = {isa = PBXBuildFile; fileRef = E87FC7192509917A00FC53AC /* Assets.xcassets */; };
		E87FC71D2509917A00FC53AC /* Preview Assets.xcassets in Resources */ = {isa = PBXBuildFile; fileRef = E87FC71C2509917A00FC53AC /* Preview Assets.xcassets */; };
		E87FC7202509917A00FC53AC /* LaunchScreen.storyboard in Resources */ = {isa = PBXBuildFile; fileRef = E87FC71E2509917A00FC53AC /* LaunchScreen.storyboard */; };
		E87FC72B2509917B00FC53AC /* _048Tests.swift in Sources */ = {isa = PBXBuildFile; fileRef = E87FC72A2509917B00FC53AC /* _048Tests.swift */; };
		E87FC7362509917B00FC53AC /* _048UITests.swift in Sources */ = {isa = PBXBuildFile; fileRef = E87FC7352509917B00FC53AC /* _048UITests.swift */; };
		E87FC7442509A54300FC53AC /* BackgroundGrid.swift in Sources */ = {isa = PBXBuildFile; fileRef = E87FC7432509A54300FC53AC /* BackgroundGrid.swift */; };
		E87FC7462509A87800FC53AC /* SingleCard.swift in Sources */ = {isa = PBXBuildFile; fileRef = E87FC7452509A87800FC53AC /* SingleCard.swift */; };
		E87FC7482509C5CA00FC53AC /* UserData.swift in Sources */ = {isa = PBXBuildFile; fileRef = E87FC7472509C5CA00FC53AC /* UserData.swift */; };
		E87FC74A2509CC3F00FC53AC /* Move.swift in Sources */ = {isa = PBXBuildFile; fileRef = E87FC7492509CC3F00FC53AC /* Move.swift */; };
		E87FC74C2509D43700FC53AC /* Combine.swift in Sources */ = {isa = PBXBuildFile; fileRef = E87FC74B2509D43700FC53AC /* Combine.swift */; };
		E87FC74E250A049D00FC53AC /* AddNewCard.swift in Sources */ = {isa = PBXBuildFile; fileRef = E87FC74D250A049D00FC53AC /* AddNewCard.swift */; };
/* End PBXBuildFile section */

/* Begin PBXContainerItemProxy section */
		E87FC7272509917B00FC53AC /* PBXContainerItemProxy */ = {
			isa = PBXContainerItemProxy;
			containerPortal = E87FC7052509916D00FC53AC /* Project object */;
			proxyType = 1;
			remoteGlobalIDString = E87FC70C2509916D00FC53AC;
			remoteInfo = 2048;
		};
		E87FC7322509917B00FC53AC /* PBXContainerItemProxy */ = {
			isa = PBXContainerItemProxy;
			containerPortal = E87FC7052509916D00FC53AC /* Project object */;
			proxyType = 1;
			remoteGlobalIDString = E87FC70C2509916D00FC53AC;
			remoteInfo = 2048;
		};
/* End PBXContainerItemProxy section */

/* Begin PBXFileReference section */
		E87FC70D2509916E00FC53AC /* 2048.app */ = {isa = PBXFileReference; explicitFileType = wrapper.application; includeInIndex = 0; path = 2048.app; sourceTree = BUILT_PRODUCTS_DIR; };
		E87FC7102509916E00FC53AC /* AppDelegate.swift */ = {isa = PBXFileReference; lastKnownFileType = sourcecode.swift; path = AppDelegate.swift; sourceTree = "<group>"; };
		E87FC7122509916E00FC53AC /* SceneDelegate.swift */ = {isa = PBXFileReference; lastKnownFileType = sourcecode.swift; path = SceneDelegate.swift; sourceTree = "<group>"; };
		E87FC7152509916E00FC53AC /* _048.xcdatamodel */ = {isa = PBXFileReference; lastKnownFileType = wrapper.xcdatamodel; path = _048.xcdatamodel; sourceTree = "<group>"; };
		E87FC7172509916E00FC53AC /* ContentView.swift */ = {isa = PBXFileReference; lastKnownFileType = sourcecode.swift; path = ContentView.swift; sourceTree = "<group>"; };
		E87FC7192509917A00FC53AC /* Assets.xcassets */ = {isa = PBXFileReference; lastKnownFileType = folder.assetcatalog; path = Assets.xcassets; sourceTree = "<group>"; };
		E87FC71C2509917A00FC53AC /* Preview Assets.xcassets */ = {isa = PBXFileReference; lastKnownFileType = folder.assetcatalog; path = "Preview Assets.xcassets"; sourceTree = "<group>"; };
		E87FC71F2509917A00FC53AC /* Base */ = {isa = PBXFileReference; lastKnownFileType = file.storyboard; name = Base; path = Base.lproj/LaunchScreen.storyboard; sourceTree = "<group>"; };
		E87FC7212509917A00FC53AC /* Info.plist */ = {isa = PBXFileReference; lastKnownFileType = text.plist.xml; path = Info.plist; sourceTree = "<group>"; };
		E87FC7262509917B00FC53AC /* 2048Tests.xctest */ = {isa = PBXFileReference; explicitFileType = wrapper.cfbundle; includeInIndex = 0; path = 2048Tests.xctest; sourceTree = BUILT_PRODUCTS_DIR; };
		E87FC72A2509917B00FC53AC /* _048Tests.swift */ = {isa = PBXFileReference; lastKnownFileType = sourcecode.swift; path = _048Tests.swift; sourceTree = "<group>"; };
		E87FC72C2509917B00FC53AC /* Info.plist */ = {isa = PBXFileReference; lastKnownFileType = text.plist.xml; path = Info.plist; sourceTree = "<group>"; };
		E87FC7312509917B00FC53AC /* 2048UITests.xctest */ = {isa = PBXFileReference; explicitFileType = wrapper.cfbundle; includeInIndex = 0; path = 2048UITests.xctest; sourceTree = BUILT_PRODUCTS_DIR; };
		E87FC7352509917B00FC53AC /* _048UITests.swift */ = {isa = PBXFileReference; lastKnownFileType = sourcecode.swift; path = _048UITests.swift; sourceTree = "<group>"; };
		E87FC7372509917B00FC53AC /* Info.plist */ = {isa = PBXFileReference; lastKnownFileType = text.plist.xml; path = Info.plist; sourceTree = "<group>"; };
		E87FC7432509A54300FC53AC /* BackgroundGrid.swift */ = {isa = PBXFileReference; lastKnownFileType = sourcecode.swift; path = BackgroundGrid.swift; sourceTree = "<group>"; };
		E87FC7452509A87800FC53AC /* SingleCard.swift */ = {isa = PBXFileReference; lastKnownFileType = sourcecode.swift; path = SingleCard.swift; sourceTree = "<group>"; };
		E87FC7472509C5CA00FC53AC /* UserData.swift */ = {isa = PBXFileReference; lastKnownFileType = sourcecode.swift; path = UserData.swift; sourceTree = "<group>"; };
		E87FC7492509CC3F00FC53AC /* Move.swift */ = {isa = PBXFileReference; lastKnownFileType = sourcecode.swift; path = Move.swift; sourceTree = "<group>"; };
		E87FC74B2509D43700FC53AC /* Combine.swift */ = {isa = PBXFileReference; lastKnownFileType = sourcecode.swift; path = Combine.swift; sourceTree = "<group>"; };
		E87FC74D250A049D00FC53AC /* AddNewCard.swift */ = {isa = PBXFileReference; lastKnownFileType = sourcecode.swift; path = AddNewCard.swift; sourceTree = "<group>"; };
/* End PBXFileReference section */

/* Begin PBXFrameworksBuildPhase section */
		E87FC70A2509916D00FC53AC /* Frameworks */ = {
			isa = PBXFrameworksBuildPhase;
			buildActionMask = 2147483647;
			files = (
			);
			runOnlyForDeploymentPostprocessing = 0;
		};
		E87FC7232509917B00FC53AC /* Frameworks */ = {
			isa = PBXFrameworksBuildPhase;
			buildActionMask = 2147483647;
			files = (
			);
			runOnlyForDeploymentPostprocessing = 0;
		};
		E87FC72E2509917B00FC53AC /* Frameworks */ = {
			isa = PBXFrameworksBuildPhase;
			buildActionMask = 2147483647;
			files = (
			);
			runOnlyForDeploymentPostprocessing = 0;
		};
/* End PBXFrameworksBuildPhase section */

/* Begin PBXGroup section */
		E87FC7042509916D00FC53AC = {
			isa = PBXGroup;
			children = (
				E87FC70F2509916E00FC53AC /* 2048 */,
				E87FC7292509917B00FC53AC /* 2048Tests */,
				E87FC7342509917B00FC53AC /* 2048UITests */,
				E87FC70E2509916E00FC53AC /* Products */,
			);
			sourceTree = "<group>";
		};
		E87FC70E2509916E00FC53AC /* Products */ = {
			isa = PBXGroup;
			children = (
				E87FC70D2509916E00FC53AC /* 2048.app */,
				E87FC7262509917B00FC53AC /* 2048Tests.xctest */,
				E87FC7312509917B00FC53AC /* 2048UITests.xctest */,
			);
			name = Products;
			sourceTree = "<group>";
		};
		E87FC70F2509916E00FC53AC /* 2048 */ = {
			isa = PBXGroup;
			children = (
				E87FC7102509916E00FC53AC /* AppDelegate.swift */,
				E87FC7122509916E00FC53AC /* SceneDelegate.swift */,
				E87FC7492509CC3F00FC53AC /* Move.swift */,
				E87FC7172509916E00FC53AC /* ContentView.swift */,
				E87FC74D250A049D00FC53AC /* AddNewCard.swift */,
				E87FC7452509A87800FC53AC /* SingleCard.swift */,
				E87FC7472509C5CA00FC53AC /* UserData.swift */,
				E87FC74B2509D43700FC53AC /* Combine.swift */,
				E87FC7432509A54300FC53AC /* BackgroundGrid.swift */,
				E87FC7192509917A00FC53AC /* Assets.xcassets */,
				E87FC71E2509917A00FC53AC /* LaunchScreen.storyboard */,
				E87FC7212509917A00FC53AC /* Info.plist */,
				E87FC7142509916E00FC53AC /* _048.xcdatamodeld */,
				E87FC71B2509917A00FC53AC /* Preview Content */,
			);
			path = 2048;
			sourceTree = "<group>";
		};
		E87FC71B2509917A00FC53AC /* Preview Content */ = {
			isa = PBXGroup;
			children = (
				E87FC71C2509917A00FC53AC /* Preview Assets.xcassets */,
			);
			path = "Preview Content";
			sourceTree = "<group>";
		};
		E87FC7292509917B00FC53AC /* 2048Tests */ = {
			isa = PBXGroup;
			children = (
				E87FC72A2509917B00FC53AC /* _048Tests.swift */,
				E87FC72C2509917B00FC53AC /* Info.plist */,
			);
			path = 2048Tests;
			sourceTree = "<group>";
		};
		E87FC7342509917B00FC53AC /* 2048UITests */ = {
			isa = PBXGroup;
			children = (
				E87FC7352509917B00FC53AC /* _048UITests.swift */,
				E87FC7372509917B00FC53AC /* Info.plist */,
			);
			path = 2048UITests;
			sourceTree = "<group>";
		};
/* End PBXGroup section */

/* Begin PBXNativeTarget section */
		E87FC70C2509916D00FC53AC /* 2048 */ = {
			isa = PBXNativeTarget;
			buildConfigurationList = E87FC73A2509917B00FC53AC /* Build configuration list for PBXNativeTarget "2048" */;
			buildPhases = (
				E87FC7092509916D00FC53AC /* Sources */,
				E87FC70A2509916D00FC53AC /* Frameworks */,
				E87FC70B2509916D00FC53AC /* Resources */,
			);
			buildRules = (
			);
			dependencies = (
			);
			name = 2048;
			productName = 2048;
			productReference = E87FC70D2509916E00FC53AC /* 2048.app */;
			productType = "com.apple.product-type.application";
		};
		E87FC7252509917B00FC53AC /* 2048Tests */ = {
			isa = PBXNativeTarget;
			buildConfigurationList = E87FC73D2509917B00FC53AC /* Build configuration list for PBXNativeTarget "2048Tests" */;
			buildPhases = (
				E87FC7222509917B00FC53AC /* Sources */,
				E87FC7232509917B00FC53AC /* Frameworks */,
				E87FC7242509917B00FC53AC /* Resources */,
			);
			buildRules = (
			);
			dependencies = (
				E87FC7282509917B00FC53AC /* PBXTargetDependency */,
			);
			name = 2048Tests;
			productName = 2048Tests;
			productReference = E87FC7262509917B00FC53AC /* 2048Tests.xctest */;
			productType = "com.apple.product-type.bundle.unit-test";
		};
		E87FC7302509917B00FC53AC /* 2048UITests */ = {
			isa = PBXNativeTarget;
			buildConfigurationList = E87FC7402509917B00FC53AC /* Build configuration list for PBXNativeTarget "2048UITests" */;
			buildPhases = (
				E87FC72D2509917B00FC53AC /* Sources */,
				E87FC72E2509917B00FC53AC /* Frameworks */,
				E87FC72F2509917B00FC53AC /* Resources */,
			);
			buildRules = (
			);
			dependencies = (
				E87FC7332509917B00FC53AC /* PBXTargetDependency */,
			);
			name = 2048UITests;
			productName = 2048UITests;
			productReference = E87FC7312509917B00FC53AC /* 2048UITests.xctest */;
			productType = "com.apple.product-type.bundle.ui-testing";
		};
/* End PBXNativeTarget section */

/* Begin PBXProject section */
		E87FC7052509916D00FC53AC /* Project object */ = {
			isa = PBXProject;
			attributes = {
				LastSwiftUpdateCheck = 1170;
				LastUpgradeCheck = 1170;
				ORGANIZATIONNAME = "荣翔";
				TargetAttributes = {
					E87FC70C2509916D00FC53AC = {
						CreatedOnToolsVersion = 11.7;
					};
					E87FC7252509917B00FC53AC = {
						CreatedOnToolsVersion = 11.7;
						TestTargetID = E87FC70C2509916D00FC53AC;
					};
					E87FC7302509917B00FC53AC = {
						CreatedOnToolsVersion = 11.7;
						TestTargetID = E87FC70C2509916D00FC53AC;
					};
				};
			};
			buildConfigurationList = E87FC7082509916D00FC53AC /* Build configuration list for PBXProject "2048" */;
			compatibilityVersion = "Xcode 9.3";
			developmentRegion = en;
			hasScannedForEncodings = 0;
			knownRegions = (
				en,
				Base,
			);
			mainGroup = E87FC7042509916D00FC53AC;
			productRefGroup = E87FC70E2509916E00FC53AC /* Products */;
			projectDirPath = "";
			projectRoot = "";
			targets = (
				E87FC70C2509916D00FC53AC /* 2048 */,
				E87FC7252509917B00FC53AC /* 2048Tests */,
				E87FC7302509917B00FC53AC /* 2048UITests */,
			);
		};
/* End PBXProject section */

/* Begin PBXResourcesBuildPhase section */
		E87FC70B2509916D00FC53AC /* Resources */ = {
			isa = PBXResourcesBuildPhase;
			buildActionMask = 2147483647;
			files = (
				E87FC7202509917A00FC53AC /* LaunchScreen.storyboard in Resources */,
				E87FC71D2509917A00FC53AC /* Preview Assets.xcassets in Resources */,
				E87FC71A2509917A00FC53AC /* Assets.xcassets in Resources */,
			);
			runOnlyForDeploymentPostprocessing = 0;
		};
		E87FC7242509917B00FC53AC /* Resources */ = {
			isa = PBXResourcesBuildPhase;
			buildActionMask = 2147483647;
			files = (
			);
			runOnlyForDeploymentPostprocessing = 0;
		};
		E87FC72F2509917B00FC53AC /* Resources */ = {
			isa = PBXResourcesBuildPhase;
			buildActionMask = 2147483647;
			files = (
			);
			runOnlyForDeploymentPostprocessing = 0;
		};
/* End PBXResourcesBuildPhase section */

/* Begin PBXSourcesBuildPhase section */
		E87FC7092509916D00FC53AC /* Sources */ = {
			isa = PBXSourcesBuildPhase;
			buildActionMask = 2147483647;
			files = (
				E87FC7112509916E00FC53AC /* AppDelegate.swift in Sources */,
				E87FC7462509A87800FC53AC /* SingleCard.swift in Sources */,
				E87FC74E250A049D00FC53AC /* AddNewCard.swift in Sources */,
				E87FC7482509C5CA00FC53AC /* UserData.swift in Sources */,
				E87FC7162509916E00FC53AC /* _048.xcdatamodeld in Sources */,
				E87FC74A2509CC3F00FC53AC /* Move.swift in Sources */,
				E87FC7182509916E00FC53AC /* ContentView.swift in Sources */,
				E87FC74C2509D43700FC53AC /* Combine.swift in Sources */,
				E87FC7442509A54300FC53AC /* BackgroundGrid.swift in Sources */,
				E87FC7132509916E00FC53AC /* SceneDelegate.swift in Sources */,
			);
			runOnlyForDeploymentPostprocessing = 0;
		};
		E87FC7222509917B00FC53AC /* Sources */ = {
			isa = PBXSourcesBuildPhase;
			buildActionMask = 2147483647;
			files = (
				E87FC72B2509917B00FC53AC /* _048Tests.swift in Sources */,
			);
			runOnlyForDeploymentPostprocessing = 0;
		};
		E87FC72D2509917B00FC53AC /* Sources */ = {
			isa = PBXSourcesBuildPhase;
			buildActionMask = 2147483647;
			files = (
				E87FC7362509917B00FC53AC /* _048UITests.swift in Sources */,
			);
			runOnlyForDeploymentPostprocessing = 0;
		};
/* End PBXSourcesBuildPhase section */

/* Begin PBXTargetDependency section */
		E87FC7282509917B00FC53AC /* PBXTargetDependency */ = {
			isa = PBXTargetDependency;
			target = E87FC70C2509916D00FC53AC /* 2048 */;
			targetProxy = E87FC7272509917B00FC53AC /* PBXContainerItemProxy */;
		};
		E87FC7332509917B00FC53AC /* PBXTargetDependency */ = {
			isa = PBXTargetDependency;
			target = E87FC70C2509916D00FC53AC /* 2048 */;
			targetProxy = E87FC7322509917B00FC53AC /* PBXContainerItemProxy */;
		};
/* End PBXTargetDependency section */

/* Begin PBXVariantGroup section */
		E87FC71E2509917A00FC53AC /* LaunchScreen.storyboard */ = {
			isa = PBXVariantGroup;
			children = (
				E87FC71F2509917A00FC53AC /* Base */,
			);
			name = LaunchScreen.storyboard;
			sourceTree = "<group>";
		};
/* End PBXVariantGroup section */

/* Begin XCBuildConfiguration section */
		E87FC7382509917B00FC53AC /* Debug */ = {
			isa = XCBuildConfiguration;
			buildSettings = {
				ALWAYS_SEARCH_USER_PATHS = NO;
				CLANG_ANALYZER_NONNULL = YES;
				CLANG_ANALYZER_NUMBER_OBJECT_CONVERSION = YES_AGGRESSIVE;
				CLANG_CXX_LANGUAGE_STANDARD = "gnu++14";
				CLANG_CXX_LIBRARY = "libc++";
				CLANG_ENABLE_MODULES = YES;
				CLANG_ENABLE_OBJC_ARC = YES;
				CLANG_ENABLE_OBJC_WEAK = YES;
				CLANG_WARN_BLOCK_CAPTURE_AUTORELEASING = YES;
				CLANG_WARN_BOOL_CONVERSION = YES;
				CLANG_WARN_COMMA = YES;
				CLANG_WARN_CONSTANT_CONVERSION = YES;
				CLANG_WARN_DEPRECATED_OBJC_IMPLEMENTATIONS = YES;
				CLANG_WARN_DIRECT_OBJC_ISA_USAGE = YES_ERROR;
				CLANG_WARN_DOCUMENTATION_COMMENTS = YES;
				CLANG_WARN_EMPTY_BODY = YES;
				CLANG_WARN_ENUM_CONVERSION = YES;
				CLANG_WARN_INFINITE_RECURSION = YES;
				CLANG_WARN_INT_CONVERSION = YES;
				CLANG_WARN_NON_LITERAL_NULL_CONVERSION = YES;
				CLANG_WARN_OBJC_IMPLICIT_RETAIN_SELF = YES;
				CLANG_WARN_OBJC_LITERAL_CONVERSION = YES;
				CLANG_WARN_OBJC_ROOT_CLASS = YES_ERROR;
				CLANG_WARN_RANGE_LOOP_ANALYSIS = YES;
				CLANG_WARN_STRICT_PROTOTYPES = YES;
				CLANG_WARN_SUSPICIOUS_MOVE = YES;
				CLANG_WARN_UNGUARDED_AVAILABILITY = YES_AGGRESSIVE;
				CLANG_WARN_UNREACHABLE_CODE = YES;
				CLANG_WARN__DUPLICATE_METHOD_MATCH = YES;
				COPY_PHASE_STRIP = NO;
				DEBUG_INFORMATION_FORMAT = dwarf;
				ENABLE_STRICT_OBJC_MSGSEND = YES;
				ENABLE_TESTABILITY = YES;
				GCC_C_LANGUAGE_STANDARD = gnu11;
				GCC_DYNAMIC_NO_PIC = NO;
				GCC_NO_COMMON_BLOCKS = YES;
				GCC_OPTIMIZATION_LEVEL = 0;
				GCC_PREPROCESSOR_DEFINITIONS = (
					"DEBUG=1",
					"$(inherited)",
				);
				GCC_WARN_64_TO_32_BIT_CONVERSION = YES;
				GCC_WARN_ABOUT_RETURN_TYPE = YES_ERROR;
				GCC_WARN_UNDECLARED_SELECTOR = YES;
				GCC_WARN_UNINITIALIZED_AUTOS = YES_AGGRESSIVE;
				GCC_WARN_UNUSED_FUNCTION = YES;
				GCC_WARN_UNUSED_VARIABLE = YES;
				IPHONEOS_DEPLOYMENT_TARGET = 13.7;
				MTL_ENABLE_DEBUG_INFO = INCLUDE_SOURCE;
				MTL_FAST_MATH = YES;
				ONLY_ACTIVE_ARCH = YES;
				SDKROOT = iphoneos;
				SWIFT_ACTIVE_COMPILATION_CONDITIONS = DEBUG;
				SWIFT_OPTIMIZATION_LEVEL = "-Onone";
			};
			name = Debug;
		};
		E87FC7392509917B00FC53AC /* Release */ = {
			isa = XCBuildConfiguration;
			buildSettings = {
				ALWAYS_SEARCH_USER_PATHS = NO;
				CLANG_ANALYZER_NONNULL = YES;
				CLANG_ANALYZER_NUMBER_OBJECT_CONVERSION = YES_AGGRESSIVE;
				CLANG_CXX_LANGUAGE_STANDARD = "gnu++14";
				CLANG_CXX_LIBRARY = "libc++";
				CLANG_ENABLE_MODULES = YES;
				CLANG_ENABLE_OBJC_ARC = YES;
				CLANG_ENABLE_OBJC_WEAK = YES;
				CLANG_WARN_BLOCK_CAPTURE_AUTORELEASING = YES;
				CLANG_WARN_BOOL_CONVERSION = YES;
				CLANG_WARN_COMMA = YES;
				CLANG_WARN_CONSTANT_CONVERSION = YES;
				CLANG_WARN_DEPRECATED_OBJC_IMPLEMENTATIONS = YES;
				CLANG_WARN_DIRECT_OBJC_ISA_USAGE = YES_ERROR;
				CLANG_WARN_DOCUMENTATION_COMMENTS = YES;
				CLANG_WARN_EMPTY_BODY = YES;
				CLANG_WARN_ENUM_CONVERSION = YES;
				CLANG_WARN_INFINITE_RECURSION = YES;
				CLANG_WARN_INT_CONVERSION = YES;
				CLANG_WARN_NON_LITERAL_NULL_CONVERSION = YES;
				CLANG_WARN_OBJC_IMPLICIT_RETAIN_SELF = YES;
				CLANG_WARN_OBJC_LITERAL_CONVERSION = YES;
				CLANG_WARN_OBJC_ROOT_CLASS = YES_ERROR;
				CLANG_WARN_RANGE_LOOP_ANALYSIS = YES;
				CLANG_WARN_STRICT_PROTOTYPES = YES;
				CLANG_WARN_SUSPICIOUS_MOVE = YES;
				CLANG_WARN_UNGUARDED_AVAILABILITY = YES_AGGRESSIVE;
				CLANG_WARN_UNREACHABLE_CODE = YES;
				CLANG_WARN__DUPLICATE_METHOD_MATCH = YES;
				COPY_PHASE_STRIP = NO;
				DEBUG_INFORMATION_FORMAT = "dwarf-with-dsym";
				ENABLE_NS_ASSERTIONS = NO;
				ENABLE_STRICT_OBJC_MSGSEND = YES;
				GCC_C_LANGUAGE_STANDARD = gnu11;
				GCC_NO_COMMON_BLOCKS = YES;
				GCC_WARN_64_TO_32_BIT_CONVERSION = YES;
				GCC_WARN_ABOUT_RETURN_TYPE = YES_ERROR;
				GCC_WARN_UNDECLARED_SELECTOR = YES;
				GCC_WARN_UNINITIALIZED_AUTOS = YES_AGGRESSIVE;
				GCC_WARN_UNUSED_FUNCTION = YES;
				GCC_WARN_UNUSED_VARIABLE = YES;
				IPHONEOS_DEPLOYMENT_TARGET = 13.7;
				MTL_ENABLE_DEBUG_INFO = NO;
				MTL_FAST_MATH = YES;
				SDKROOT = iphoneos;
				SWIFT_COMPILATION_MODE = wholemodule;
				SWIFT_OPTIMIZATION_LEVEL = "-O";
				VALIDATE_PRODUCT = YES;
			};
			name = Release;
		};
		E87FC73B2509917B00FC53AC /* Debug */ = {
			isa = XCBuildConfiguration;
			buildSettings = {
				ASSETCATALOG_COMPILER_APPICON_NAME = AppIcon;
				CODE_SIGN_STYLE = Automatic;
				DEVELOPMENT_ASSET_PATHS = "\"2048/Preview Content\"";
				DEVELOPMENT_TEAM = 9C64FLHAC9;
				ENABLE_PREVIEWS = YES;
				INFOPLIST_FILE = 2048/Info.plist;
				IPHONEOS_DEPLOYMENT_TARGET = 13.6;
				LD_RUNPATH_SEARCH_PATHS = (
					"$(inherited)",
					"@executable_path/Frameworks",
				);
				PRODUCT_BUNDLE_IDENTIFIER = "rongxiang.-048";
				PRODUCT_NAME = "$(TARGET_NAME)";
				SWIFT_VERSION = 5.0;
				TARGETED_DEVICE_FAMILY = "1,2";
			};
			name = Debug;
		};
		E87FC73C2509917B00FC53AC /* Release */ = {
			isa = XCBuildConfiguration;
			buildSettings = {
				ASSETCATALOG_COMPILER_APPICON_NAME = AppIcon;
				CODE_SIGN_STYLE = Automatic;
				DEVELOPMENT_ASSET_PATHS = "\"2048/Preview Content\"";
				DEVELOPMENT_TEAM = 9C64FLHAC9;
				ENABLE_PREVIEWS = YES;
				INFOPLIST_FILE = 2048/Info.plist;
				IPHONEOS_DEPLOYMENT_TARGET = 13.6;
				LD_RUNPATH_SEARCH_PATHS = (
					"$(inherited)",
					"@executable_path/Frameworks",
				);
				PRODUCT_BUNDLE_IDENTIFIER = "rongxiang.-048";
				PRODUCT_NAME = "$(TARGET_NAME)";
				SWIFT_VERSION = 5.0;
				TARGETED_DEVICE_FAMILY = "1,2";
			};
			name = Release;
		};
		E87FC73E2509917B00FC53AC /* Debug */ = {
			isa = XCBuildConfiguration;
			buildSettings = {
				ALWAYS_EMBED_SWIFT_STANDARD_LIBRARIES = YES;
				BUNDLE_LOADER = "$(TEST_HOST)";
				CODE_SIGN_STYLE = Automatic;
				DEVELOPMENT_TEAM = 9C64FLHAC9;
				INFOPLIST_FILE = 2048Tests/Info.plist;
				IPHONEOS_DEPLOYMENT_TARGET = 13.7;
				LD_RUNPATH_SEARCH_PATHS = (
					"$(inherited)",
					"@executable_path/Frameworks",
					"@loader_path/Frameworks",
				);
				PRODUCT_BUNDLE_IDENTIFIER = "rongxiang.-048Tests";
				PRODUCT_NAME = "$(TARGET_NAME)";
				SWIFT_VERSION = 5.0;
				TARGETED_DEVICE_FAMILY = "1,2";
				TEST_HOST = "$(BUILT_PRODUCTS_DIR)/2048.app/2048";
			};
			name = Debug;
		};
		E87FC73F2509917B00FC53AC /* Release */ = {
			isa = XCBuildConfiguration;
			buildSettings = {
				ALWAYS_EMBED_SWIFT_STANDARD_LIBRARIES = YES;
				BUNDLE_LOADER = "$(TEST_HOST)";
				CODE_SIGN_STYLE = Automatic;
				DEVELOPMENT_TEAM = 9C64FLHAC9;
				INFOPLIST_FILE = 2048Tests/Info.plist;
				IPHONEOS_DEPLOYMENT_TARGET = 13.7;
				LD_RUNPATH_SEARCH_PATHS = (
					"$(inherited)",
					"@executable_path/Frameworks",
					"@loader_path/Frameworks",
				);
				PRODUCT_BUNDLE_IDENTIFIER = "rongxiang.-048Tests";
				PRODUCT_NAME = "$(TARGET_NAME)";
				SWIFT_VERSION = 5.0;
				TARGETED_DEVICE_FAMILY = "1,2";
				TEST_HOST = "$(BUILT_PRODUCTS_DIR)/2048.app/2048";
			};
			name = Release;
		};
		E87FC7412509917B00FC53AC /* Debug */ = {
			isa = XCBuildConfiguration;
			buildSettings = {
				ALWAYS_EMBED_SWIFT_STANDARD_LIBRARIES = YES;
				CODE_SIGN_STYLE = Automatic;
				DEVELOPMENT_TEAM = 9C64FLHAC9;
				INFOPLIST_FILE = 2048UITests/Info.plist;
				LD_RUNPATH_SEARCH_PATHS = (
					"$(inherited)",
					"@executable_path/Frameworks",
					"@loader_path/Frameworks",
				);
				PRODUCT_BUNDLE_IDENTIFIER = "rongxiang.-048UITests";
				PRODUCT_NAME = "$(TARGET_NAME)";
				SWIFT_VERSION = 5.0;
				TARGETED_DEVICE_FAMILY = "1,2";
				TEST_TARGET_NAME = 2048;
			};
			name = Debug;
		};
		E87FC7422509917B00FC53AC /* Release */ = {
			isa = XCBuildConfiguration;
			buildSettings = {
				ALWAYS_EMBED_SWIFT_STANDARD_LIBRARIES = YES;
				CODE_SIGN_STYLE = Automatic;
				DEVELOPMENT_TEAM = 9C64FLHAC9;
				INFOPLIST_FILE = 2048UITests/Info.plist;
				LD_RUNPATH_SEARCH_PATHS = (
					"$(inherited)",
					"@executable_path/Frameworks",
					"@loader_path/Frameworks",
				);
				PRODUCT_BUNDLE_IDENTIFIER = "rongxiang.-048UITests";
				PRODUCT_NAME = "$(TARGET_NAME)";
				SWIFT_VERSION = 5.0;
				TARGETED_DEVICE_FAMILY = "1,2";
				TEST_TARGET_NAME = 2048;
			};
			name = Release;
		};
/* End XCBuildConfiguration section */

/* Begin XCConfigurationList section */
		E87FC7082509916D00FC53AC /* Build configuration list for PBXProject "2048" */ = {
			isa = XCConfigurationList;
			buildConfigurations = (
				E87FC7382509917B00FC53AC /* Debug */,
				E87FC7392509917B00FC53AC /* Release */,
			);
			defaultConfigurationIsVisible = 0;
			defaultConfigurationName = Release;
		};
		E87FC73A2509917B00FC53AC /* Build configuration list for PBXNativeTarget "2048" */ = {
			isa = XCConfigurationList;
			buildConfigurations = (
				E87FC73B2509917B00FC53AC /* Debug */,
				E87FC73C2509917B00FC53AC /* Release */,
			);
			defaultConfigurationIsVisible = 0;
			defaultConfigurationName = Release;
		};
		E87FC73D2509917B00FC53AC /* Build configuration list for PBXNativeTarget "2048Tests" */ = {
			isa = XCConfigurationList;
			buildConfigurations = (
				E87FC73E2509917B00FC53AC /* Debug */,
				E87FC73F2509917B00FC53AC /* Release */,
			);
			defaultConfigurationIsVisible = 0;
			defaultConfigurationName = Release;
		};
		E87FC7402509917B00FC53AC /* Build configuration list for PBXNativeTarget "2048UITests" */ = {
			isa = XCConfigurationList;
			buildConfigurations = (
				E87FC7412509917B00FC53AC /* Debug */,
				E87FC7422509917B00FC53AC /* Release */,
			);
			defaultConfigurationIsVisible = 0;
			defaultConfigurationName = Release;
		};
/* End XCConfigurationList section */

/* Begin XCVersionGroup section */
		E87FC7142509916E00FC53AC /* _048.xcdatamodeld */ = {
			isa = XCVersionGroup;
			children = (
				E87FC7152509916E00FC53AC /* _048.xcdatamodel */,
			);
			currentVersion = E87FC7152509916E00FC53AC /* _048.xcdatamodel */;
			path = _048.xcdatamodeld;
			sourceTree = "<group>";
			versionGroupType = wrapper.xcdatamodel;
		};
/* End XCVersionGroup section */
	};
	rootObject = E87FC7052509916D00FC53AC /* Project object */;
}
